
Microsoft Visual Studio Solution File, Format Version 12.00
# Visual Studio 15
VisualStudioVersion = 15.0.27703.2047
MinimumVisualStudioVersion = 10.0.40219.1
Project("{8BC9CEB8-8B4A-11D0-8D11-00A0C91BC942}") = "Project1", "Project1\Project1.vcxproj", "{9FE16B6B-93AF-4C63-B67F-F95E5AD8D461}"
EndProject
Global
	GlobalSection(SolutionConfigurationPlatforms) = preSolution
		Debug|x64 = Debug|x64
		Debug|x86 = Debug|x86
		Release|x64 = Release|x64
		Release|x86 = Release|x86
	EndGlobalSection
	GlobalSection(ProjectConfigurationPlatforms) = postSolution
		{9FE16B6B-93AF-4C63-B67F-F95E5AD8D461}.Debug|x64.ActiveCfg = Debug|x64
		{9FE16B6B-93AF-4C63-B67F-F95E5AD8D461}.Debug|x64.Build.0 = Debug|x64
		{9FE16B6B-93AF-4C63-B67F-F95E5AD8D461}.Debug|x86.ActiveCfg = Debug|Win32
		{9FE16B6B-93AF-4C63-B67F-F95E5AD8D461}.Debug|x86.Build.0 = Debug|Win32
		{9FE16B6B-93AF-4C63-B67F-F95E5AD8D461}.Release|x64.ActiveCfg = Release|x64
		{9FE16B6B-93AF-4C63-B67F-F95E5AD8D461}.Release|x64.Build.0 = Release|x64
		{9FE16B6B-93AF-4C63-B67F-F95E5AD8D461}.Release|x86.ActiveCfg = Release|Win32
		{9FE16B6B-93AF-4C63-B67F-F95E5AD8D461}.Release|x86.Build.0 = Release|Win32
	EndGlobalSection
	GlobalSection(SolutionProperties) = preSolution
		HideSolutionNode = FALSE
	EndGlobalSection
	GlobalSection(ExtensibilityGlobals) = postSolution
		SolutionGuid = {D513058A-7950-4785-8995-E197EBE25076}
	EndGlobalSection
EndGlobal
